
Microsoft Visual Studio Solution File, Format Version 12.00
# Visual Studio Version 16
VisualStudioVersion = 16.0.810.16
MinimumVisualStudioVersion = 10.0.40219.1
Project("{FAE04EC0-301F-11D3-BF4B-00C04F79EFBC}") = "Mission7", "Mission7\Mission7.csproj", "{E968050B-2AFC-4703-B45B-4471E4056F8F}"
EndProject
Global
	GlobalSection(SolutionConfigurationPlatforms) = preSolution
		Debug|Any CPU = Debug|Any CPU
		Release|Any CPU = Release|Any CPU
	EndGlobalSection
	GlobalSection(ProjectConfigurationPlatforms) = postSolution
		{E968050B-2AFC-4703-B45B-4471E4056F8F}.Debug|Any CPU.ActiveCfg = Debug|Any CPU
		{E968050B-2AFC-4703-B45B-4471E4056F8F}.Debug|Any CPU.Build.0 = Debug|Any CPU
		{E968050B-2AFC-4703-B45B-4471E4056F8F}.Release|Any CPU.ActiveCfg = Release|Any CPU
		{E968050B-2AFC-4703-B45B-4471E4056F8F}.Release|Any CPU.Build.0 = Release|Any CPU
	EndGlobalSection
	GlobalSection(SolutionProperties) = preSolution
		HideSolutionNode = FALSE
	EndGlobalSection
	GlobalSection(ExtensibilityGlobals) = postSolution
		SolutionGuid = {EAA29C8A-A51B-4C40-B0D2-FC6918415988}
	EndGlobalSection
EndGlobal
